{
    "_readme": [
        "This file locks the dependencies of your project to a known state",
        "Read more about it at https://getcomposer.org/doc/01-basic-usage.md#installing-dependencies",
        "This file is @generated automatically"
    ],
    "content-hash": "fa019ace96a08af395935ae5576f116c",
    "packages": [
        {
            "name": "ausi/slug-generator",
            "version": "v1.1.0",
            "source": {
                "type": "git",
                "url": "https://github.com/ausi/slug-generator.git",
                "reference": "59b641dfa764658e1fbf37f75312e702817cd319"
            },
            "dist": {
                "type": "zip",
                "url": "https://api.github.com/repos/ausi/slug-generator/zipball/59b641dfa764658e1fbf37f75312e702817cd319",
                "reference": "59b641dfa764658e1fbf37f75312e702817cd319",
                "shasum": ""
            },
            "require": {
                "ext-intl": "*",
                "ext-mbstring": "*",
                "ext-pcre": "*",
                "lib-icu": ">=4.2.1",
                "php": "^7.1"
            },
            "require-dev": {
                "friendsofphp/php-cs-fixer": "^2.4",
                "php-coveralls/php-coveralls": "^2.0",
                "phpunit/phpunit": "^7.0"
            },
            "type": "library",
            "autoload": {
                "psr-4": {
                    "Ausi\\SlugGenerator\\": "src/"
                }
            },
            "notification-url": "https://packagist.org/downloads/",
            "license": [
                "MIT"
            ],
            "authors": [
                {
                    "name": "Martin Auswöger",
                    "email": "martin@auswoeger.com"
                }
            ],
            "description": "Slug Generator",
            "keywords": [
                "ascii",
                "cldr",
                "pretty-url",
                "slug",
                "slug-generator",
                "slugify",
                "transliteration",
                "unicode"
            ],
            "time": "2018-12-11T20:59:21+00:00"
        },
        {
            "name": "pagseguro/pagseguro-php-sdk",
            "version": "6.0.0",
            "source": {
                "type": "git",
                "url": "https://github.com/pagseguro/pagseguro-php-sdk.git",
                "reference": "de63ce3d582ba5727c42d8d4e67030da9439bff6"
            },
            "dist": {
                "type": "zip",
                "url": "https://api.github.com/repos/pagseguro/pagseguro-php-sdk/zipball/de63ce3d582ba5727c42d8d4e67030da9439bff6",
                "reference": "de63ce3d582ba5727c42d8d4e67030da9439bff6",
                "shasum": ""
            },
            "require": {
                "ext-curl": "*",
                "lib-curl": "*",
                "lib-openssl": "*",
                "php": "^7.1.3"
            },
            "require-dev": {
                "phpunit/phpunit": "^7.0"
            },
            "type": "library",
            "autoload": {
                "psr-4": {
                    "PagSeguro\\": "source/"
                }
            },
            "notification-url": "https://packagist.org/downloads/",
            "license": [
                "Apache-2.0"
            ],
            "authors": [
                {
                    "name": "PagSeguro"
                }
            ],
            "description": "Biblioteca de integração com o PagSeguro",
            "time": "2018-12-11T11:37:37+00:00"
        }
    ],
    "packages-dev": [],
    "aliases": [],
    "minimum-stability": "stable",
    "stability-flags": [],
    "prefer-stable": false,
    "prefer-lowest": false,
    "platform": [],
    "platform-dev": []
}
